{
  "version": 4,
  "terraform_version": "1.8.4",
  "serial": 45,
  "lineage": "e2bfdda3-6786-d177-f5e8-e2eb2351a81e",
  "outputs": {},
  "resources": [
    {
      "mode": "managed",
      "type": "null_resource",
      "name": "run_ansible_script",
      "provider": "provider[\"registry.terraform.io/hashicorp/null\"]",
      "instances": [
        {
          "schema_version": 0,
          "attributes": {
            "id": "5495276644338434863",
            "triggers": null
          },
          "sensitive_attributes": [],
          "dependencies": [
            "proxmox_lxc.basic"
          ]
        }
      ]
    },
    {
      "mode": "managed",
      "type": "proxmox_lxc",
      "name": "basic",
      "provider": "provider[\"registry.terraform.io/telmate/proxmox\"]",
      "instances": [
        {
          "index_key": "bdd",
          "schema_version": 0,
          "attributes": {
            "arch": "amd64",
            "bwlimit": 0,
            "clone": null,
            "clone_storage": null,
            "cmode": "tty",
            "console": true,
            "cores": 0,
            "cpulimit": 0,
            "cpuunits": 256,
            "description": "",
            "features": [],
            "force": false,
            "full": null,
            "hagroup": "",
            "hastate": "",
            "hookscript": "",
            "hostname": "bdd",
            "id": "cfai2024/lxc/181",
            "ignore_unpack_errors": false,
            "lock": "",
            "memory": 256,
            "mountpoint": [],
            "nameserver": "",
            "network": [
              {
                "bridge": "vmbr0",
                "firewall": false,
                "gw": "",
                "gw6": "",
                "hwaddr": "BC:24:11:60:77:F0",
                "id": 0,
                "ip": "dhcp",
                "ip6": "2a03:5840:111:1024:caca:caca:caca:0001/64",
                "mtu": 0,
                "name": "eth0",
                "rate": 0,
                "tag": 0,
                "trunks": "",
                "type": "veth"
              }
            ],
            "onboot": false,
            "ostemplate": "local:vztmpl/debian-12-standard_12.2-1_amd64.tar.zst",
            "ostype": "debian",
            "password": "Password",
            "pool": "jdias",
            "protection": false,
            "restore": false,
            "rootfs": [
              {
                "acl": false,
                "quota": false,
                "replicate": false,
                "ro": false,
                "shared": false,
                "size": "2G",
                "storage": "local-lvm",
                "volume": "local-lvm:vm-181-disk-0"
              }
            ],
            "searchdomain": "",
            "ssh_public_keys": "ssh-rsa AAAAB3NzaC1yc2EAAAADAQABAAABgQC2c18uyQwwLoP5jQz2AMBtMFhZDPt7wcoNG38BwylxirItHE7jGlWl3Yf924Q7zpVcPyIVHKtQv3RZ1aF7u5SojGPJ+iOisPCg0K4n/OVNuRbgY4Ig4LAwJGkTAnC7ZOy3BQPUIbAu7n1RqFzDNI+/T8GdzJ7U3Trk+JmDjkLTJuK32DBjVig3oE0EmmAMcIMC1jd2QLrRnmN1a4TzhtFdPyCqJeJdhHFFJPgQb2zqmj9094z6vxWnU0scHbOUQrRgE77oi+UvsbXnrr+WCRldvZj9jf6wrAak6HXIDAjsnZ5HB7RVcAR5dUKGrTCJcCkLOetxf1HmFXs0EJ2oGC4jPO4GaALPSV11HTCCUQt07aS0tEk6qqxLvhLz3KrFuKnS8vtRTUsdESKczArxd3BaXwgDtuRWUbPhIMnR27JKL6UMTUEVvfRb4rYu1LdxRuxt1JLumwQlWjjFE4T30S11oaR/Ck1954tNCF1wwjmjqomUa2Xq/cXUUMmf+7SzUoU= mbureau@webmason",
            "start": true,
            "startup": "",
            "swap": 0,
            "tags": "",
            "target_node": "cfai2024",
            "template": false,
            "timeouts": null,
            "tty": 2,
            "unique": false,
            "unprivileged": true,
            "unused": [],
            "vmid": null
          },
          "sensitive_attributes": [
            [
              {
                "type": "get_attr",
                "value": "password"
              }
            ]
          ],
          "private": "eyJlMmJmYjczMC1lY2FhLTExZTYtOGY4OC0zNDM2M2JjN2M0YzAiOnsiY3JlYXRlIjoxMjAwMDAwMDAwMDAwLCJkZWZhdWx0IjoxMjAwMDAwMDAwMDAwLCJkZWxldGUiOjEyMDAwMDAwMDAwMDAsInJlYWQiOjEyMDAwMDAwMDAwMDAsInVwZGF0ZSI6MTIwMDAwMDAwMDAwMH19"
        },
        {
          "index_key": "gestion",
          "schema_version": 0,
          "attributes": {
            "arch": "amd64",
            "bwlimit": 0,
            "clone": null,
            "clone_storage": null,
            "cmode": "tty",
            "console": true,
            "cores": 0,
            "cpulimit": 0,
            "cpuunits": 256,
            "description": "",
            "features": [],
            "force": false,
            "full": null,
            "hagroup": "",
            "hastate": "",
            "hookscript": "",
            "hostname": "gestion",
            "id": "cfai2024/lxc/179",
            "ignore_unpack_errors": false,
            "lock": "",
            "memory": 256,
            "mountpoint": [],
            "nameserver": "",
            "network": [
              {
                "bridge": "vmbr0",
                "firewall": false,
                "gw": "",
                "gw6": "",
                "hwaddr": "BC:24:11:1D:5B:C2",
                "id": 0,
                "ip": "dhcp",
                "ip6": "2a03:5840:111:1024:caca:caca:caca:0003/64",
                "mtu": 0,
                "name": "eth0",
                "rate": 0,
                "tag": 0,
                "trunks": "",
                "type": "veth"
              }
            ],
            "onboot": false,
            "ostemplate": "local:vztmpl/debian-12-standard_12.2-1_amd64.tar.zst",
            "ostype": "debian",
            "password": "Password",
            "pool": "jdias",
            "protection": false,
            "restore": false,
            "rootfs": [
              {
                "acl": false,
                "quota": false,
                "replicate": false,
                "ro": false,
                "shared": false,
                "size": "2G",
                "storage": "local-lvm",
                "volume": "local-lvm:vm-179-disk-0"
              }
            ],
            "searchdomain": "",
            "ssh_public_keys": "ssh-rsa AAAAB3NzaC1yc2EAAAADAQABAAABgQC2c18uyQwwLoP5jQz2AMBtMFhZDPt7wcoNG38BwylxirItHE7jGlWl3Yf924Q7zpVcPyIVHKtQv3RZ1aF7u5SojGPJ+iOisPCg0K4n/OVNuRbgY4Ig4LAwJGkTAnC7ZOy3BQPUIbAu7n1RqFzDNI+/T8GdzJ7U3Trk+JmDjkLTJuK32DBjVig3oE0EmmAMcIMC1jd2QLrRnmN1a4TzhtFdPyCqJeJdhHFFJPgQb2zqmj9094z6vxWnU0scHbOUQrRgE77oi+UvsbXnrr+WCRldvZj9jf6wrAak6HXIDAjsnZ5HB7RVcAR5dUKGrTCJcCkLOetxf1HmFXs0EJ2oGC4jPO4GaALPSV11HTCCUQt07aS0tEk6qqxLvhLz3KrFuKnS8vtRTUsdESKczArxd3BaXwgDtuRWUbPhIMnR27JKL6UMTUEVvfRb4rYu1LdxRuxt1JLumwQlWjjFE4T30S11oaR/Ck1954tNCF1wwjmjqomUa2Xq/cXUUMmf+7SzUoU= mbureau@webmason",
            "start": true,
            "startup": "",
            "swap": 0,
            "tags": "",
            "target_node": "cfai2024",
            "template": false,
            "timeouts": null,
            "tty": 2,
            "unique": false,
            "unprivileged": true,
            "unused": [],
            "vmid": null
          },
          "sensitive_attributes": [
            [
              {
                "type": "get_attr",
                "value": "password"
              }
            ]
          ],
          "private": "eyJlMmJmYjczMC1lY2FhLTExZTYtOGY4OC0zNDM2M2JjN2M0YzAiOnsiY3JlYXRlIjoxMjAwMDAwMDAwMDAwLCJkZWZhdWx0IjoxMjAwMDAwMDAwMDAwLCJkZWxldGUiOjEyMDAwMDAwMDAwMDAsInJlYWQiOjEyMDAwMDAwMDAwMDAsInVwZGF0ZSI6MTIwMDAwMDAwMDAwMH19"
        },
        {
          "index_key": "vitrine",
          "schema_version": 0,
          "attributes": {
            "arch": "amd64",
            "bwlimit": 0,
            "clone": null,
            "clone_storage": null,
            "cmode": "tty",
            "console": true,
            "cores": 0,
            "cpulimit": 0,
            "cpuunits": 256,
            "description": "",
            "features": [],
            "force": false,
            "full": null,
            "hagroup": "",
            "hastate": "",
            "hookscript": "",
            "hostname": "vitrine",
            "id": "cfai2024/lxc/180",
            "ignore_unpack_errors": false,
            "lock": "",
            "memory": 256,
            "mountpoint": [],
            "nameserver": "",
            "network": [
              {
                "bridge": "vmbr0",
                "firewall": false,
                "gw": "",
                "gw6": "",
                "hwaddr": "BC:24:11:19:9F:91",
                "id": 0,
                "ip": "dhcp",
                "ip6": "2a03:5840:111:1024:caca:caca:caca:0002/64",
                "mtu": 0,
                "name": "eth0",
                "rate": 0,
                "tag": 0,
                "trunks": "",
                "type": "veth"
              }
            ],
            "onboot": false,
            "ostemplate": "local:vztmpl/debian-12-standard_12.2-1_amd64.tar.zst",
            "ostype": "debian",
            "password": "Password",
            "pool": "jdias",
            "protection": false,
            "restore": false,
            "rootfs": [
              {
                "acl": false,
                "quota": false,
                "replicate": false,
                "ro": false,
                "shared": false,
                "size": "2G",
                "storage": "local-lvm",
                "volume": "local-lvm:vm-180-disk-0"
              }
            ],
            "searchdomain": "",
            "ssh_public_keys": "ssh-rsa AAAAB3NzaC1yc2EAAAADAQABAAABgQC2c18uyQwwLoP5jQz2AMBtMFhZDPt7wcoNG38BwylxirItHE7jGlWl3Yf924Q7zpVcPyIVHKtQv3RZ1aF7u5SojGPJ+iOisPCg0K4n/OVNuRbgY4Ig4LAwJGkTAnC7ZOy3BQPUIbAu7n1RqFzDNI+/T8GdzJ7U3Trk+JmDjkLTJuK32DBjVig3oE0EmmAMcIMC1jd2QLrRnmN1a4TzhtFdPyCqJeJdhHFFJPgQb2zqmj9094z6vxWnU0scHbOUQrRgE77oi+UvsbXnrr+WCRldvZj9jf6wrAak6HXIDAjsnZ5HB7RVcAR5dUKGrTCJcCkLOetxf1HmFXs0EJ2oGC4jPO4GaALPSV11HTCCUQt07aS0tEk6qqxLvhLz3KrFuKnS8vtRTUsdESKczArxd3BaXwgDtuRWUbPhIMnR27JKL6UMTUEVvfRb4rYu1LdxRuxt1JLumwQlWjjFE4T30S11oaR/Ck1954tNCF1wwjmjqomUa2Xq/cXUUMmf+7SzUoU= mbureau@webmason",
            "start": true,
            "startup": "",
            "swap": 0,
            "tags": "",
            "target_node": "cfai2024",
            "template": false,
            "timeouts": null,
            "tty": 2,
            "unique": false,
            "unprivileged": true,
            "unused": [],
            "vmid": null
          },
          "sensitive_attributes": [
            [
              {
                "type": "get_attr",
                "value": "password"
              }
            ]
          ],
          "private": "eyJlMmJmYjczMC1lY2FhLTExZTYtOGY4OC0zNDM2M2JjN2M0YzAiOnsiY3JlYXRlIjoxMjAwMDAwMDAwMDAwLCJkZWZhdWx0IjoxMjAwMDAwMDAwMDAwLCJkZWxldGUiOjEyMDAwMDAwMDAwMDAsInJlYWQiOjEyMDAwMDAwMDAwMDAsInVwZGF0ZSI6MTIwMDAwMDAwMDAwMH19"
        }
      ]
    }
  ],
  "check_results": null
}
